
Microsoft Visual Studio Solution File, Format Version 12.00
# Visual Studio Version 17
VisualStudioVersion = 17.0.32112.339
MinimumVisualStudioVersion = 10.0.40219.1
Project("{FAE04EC0-301F-11D3-BF4B-00C04F79EFBC}") = "App-test-csharp", "App-test-csharp.csproj", "{DC225C2F-872B-4578-9FAF-5815DA578A69}"
EndProject
Project("{FAE04EC0-301F-11D3-BF4B-00C04F79EFBC}") = "ClassesLibrary", "..\ClassesLibrary\ClassesLibrary.csproj", "{465AF2C3-F424-4A57-BA20-66570B4459EE}"
EndProject
Global
	GlobalSection(SolutionConfigurationPlatforms) = preSolution
		Debug|Any CPU = Debug|Any CPU
		Release|Any CPU = Release|Any CPU
	EndGlobalSection
	GlobalSection(ProjectConfigurationPlatforms) = postSolution
		{DC225C2F-872B-4578-9FAF-5815DA578A69}.Debug|Any CPU.ActiveCfg = Debug|Any CPU
		{DC225C2F-872B-4578-9FAF-5815DA578A69}.Debug|Any CPU.Build.0 = Debug|Any CPU
		{DC225C2F-872B-4578-9FAF-5815DA578A69}.Release|Any CPU.ActiveCfg = Release|Any CPU
		{DC225C2F-872B-4578-9FAF-5815DA578A69}.Release|Any CPU.Build.0 = Release|Any CPU
		{465AF2C3-F424-4A57-BA20-66570B4459EE}.Debug|Any CPU.ActiveCfg = Debug|Any CPU
		{465AF2C3-F424-4A57-BA20-66570B4459EE}.Debug|Any CPU.Build.0 = Debug|Any CPU
		{465AF2C3-F424-4A57-BA20-66570B4459EE}.Release|Any CPU.ActiveCfg = Release|Any CPU
		{465AF2C3-F424-4A57-BA20-66570B4459EE}.Release|Any CPU.Build.0 = Release|Any CPU
	EndGlobalSection
	GlobalSection(SolutionProperties) = preSolution
		HideSolutionNode = FALSE
	EndGlobalSection
	GlobalSection(ExtensibilityGlobals) = postSolution
		SolutionGuid = {FEB9CB81-965B-4CD9-80F0-5B7E684E4633}
	EndGlobalSection
EndGlobal
