
Microsoft Visual Studio Solution File, Format Version 12.00
# Visual Studio Version 17
VisualStudioVersion = 17.0.32112.339
MinimumVisualStudioVersion = 10.0.40219.1
Project("{9A19103F-16F7-4668-BE54-9A1E7A4F7556}") = "PROG2_SEM13", "PROG2_SEM13.csproj", "{6ECCB24B-CD01-4FDC-9DAE-AD6B6725903F}"
EndProject
Project("{FAE04EC0-301F-11D3-BF4B-00C04F79EFBC}") = "BibliotecaClases13", "..\BibliotecaClases13\BibliotecaClases13.csproj", "{BA521C5C-3FE1-44DB-9EEC-60AAC0F7B6D1}"
EndProject
Global
	GlobalSection(SolutionConfigurationPlatforms) = preSolution
		Debug|Any CPU = Debug|Any CPU
		Release|Any CPU = Release|Any CPU
	EndGlobalSection
	GlobalSection(ProjectConfigurationPlatforms) = postSolution
		{6ECCB24B-CD01-4FDC-9DAE-AD6B6725903F}.Debug|Any CPU.ActiveCfg = Debug|Any CPU
		{6ECCB24B-CD01-4FDC-9DAE-AD6B6725903F}.Debug|Any CPU.Build.0 = Debug|Any CPU
		{6ECCB24B-CD01-4FDC-9DAE-AD6B6725903F}.Release|Any CPU.ActiveCfg = Release|Any CPU
		{6ECCB24B-CD01-4FDC-9DAE-AD6B6725903F}.Release|Any CPU.Build.0 = Release|Any CPU
		{BA521C5C-3FE1-44DB-9EEC-60AAC0F7B6D1}.Debug|Any CPU.ActiveCfg = Debug|Any CPU
		{BA521C5C-3FE1-44DB-9EEC-60AAC0F7B6D1}.Debug|Any CPU.Build.0 = Debug|Any CPU
		{BA521C5C-3FE1-44DB-9EEC-60AAC0F7B6D1}.Release|Any CPU.ActiveCfg = Release|Any CPU
		{BA521C5C-3FE1-44DB-9EEC-60AAC0F7B6D1}.Release|Any CPU.Build.0 = Release|Any CPU
	EndGlobalSection
	GlobalSection(SolutionProperties) = preSolution
		HideSolutionNode = FALSE
	EndGlobalSection
	GlobalSection(ExtensibilityGlobals) = postSolution
		SolutionGuid = {AA1DAC33-8E08-45B0-A43E-DFF481AF22CD}
	EndGlobalSection
EndGlobal
